// !$*UTF8*$!
{
	archiveVersion = 1;
	classes = {
	};
	objectVersion = 46;
	objects = {

/* Begin PBXBuildFile section */
		1D1F28BA1E6CDC720086E72A /* AppDelegate.swift in Sources */ = {isa = PBXBuildFile; fileRef = 1D1F28B91E6CDC720086E72A /* AppDelegate.swift */; };
		1D1F28BC1E6CDC720086E72A /* ViewController.swift in Sources */ = {isa = PBXBuildFile; fileRef = 1D1F28BB1E6CDC720086E72A /* ViewController.swift */; };
		1D1F28BF1E6CDC720086E72A /* Main.storyboard in Resources */ = {isa = PBXBuildFile; fileRef = 1D1F28BD1E6CDC720086E72A /* Main.storyboard */; };
		1D1F28C11E6CDC720086E72A /* Assets.xcassets in Resources */ = {isa = PBXBuildFile; fileRef = 1D1F28C01E6CDC720086E72A /* Assets.xcassets */; };
		1D1F28C41E6CDC720086E72A /* LaunchScreen.storyboard in Resources */ = {isa = PBXBuildFile; fileRef = 1D1F28C21E6CDC720086E72A /* LaunchScreen.storyboard */; };
/* End PBXBuildFile section */

/* Begin PBXFileReference section */
		1D1F28B61E6CDC720086E72A /* recipeBook.app */ = {isa = PBXFileReference; explicitFileType = wrapper.application; includeInIndex = 0; path = recipeBook.app; sourceTree = BUILT_PRODUCTS_DIR; };
		1D1F28B91E6CDC720086E72A /* AppDelegate.swift */ = {isa = PBXFileReference; lastKnownFileType = sourcecode.swift; path = AppDelegate.swift; sourceTree = "<group>"; };
		1D1F28BB1E6CDC720086E72A /* ViewController.swift */ = {isa = PBXFileReference; lastKnownFileType = sourcecode.swift; path = ViewController.swift; sourceTree = "<group>"; };
		1D1F28BE1E6CDC720086E72A /* Base */ = {isa = PBXFileReference; lastKnownFileType = file.storyboard; name = Base; path = Base.lproj/Main.storyboard; sourceTree = "<group>"; };
		1D1F28C01E6CDC720086E72A /* Assets.xcassets */ = {isa = PBXFileReference; lastKnownFileType = folder.assetcatalog; path = Assets.xcassets; sourceTree = "<group>"; };
		1D1F28C31E6CDC720086E72A /* Base */ = {isa = PBXFileReference; lastKnownFileType = file.storyboard; name = Base; path = Base.lproj/LaunchScreen.storyboard; sourceTree = "<group>"; };
		1D1F28C51E6CDC720086E72A /* Info.plist */ = {isa = PBXFileReference; lastKnownFileType = text.plist.xml; path = Info.plist; sourceTree = "<group>"; };
/* End PBXFileReference section */

/* Begin PBXFrameworksBuildPhase section */
		1D1F28B31E6CDC720086E72A /* Frameworks */ = {
			isa = PBXFrameworksBuildPhase;
			buildActionMask = 2147483647;
			files = (
			);
			runOnlyForDeploymentPostprocessing = 0;
		};
/* End PBXFrameworksBuildPhase section */

/* Begin PBXGroup section */
		1D1F28AD1E6CDC720086E72A = {
			isa = PBXGroup;
			children = (
				1D1F28B81E6CDC720086E72A /* recipeBook */,
				1D1F28B71E6CDC720086E72A /* Products */,
			);
			sourceTree = "<group>";
		};
		1D1F28B71E6CDC720086E72A /* Products */ = {
			isa = PBXGroup;
			children = (
				1D1F28B61E6CDC720086E72A /* recipeBook.app */,
			);
			name = Products;
			sourceTree = "<group>";
		};
		1D1F28B81E6CDC720086E72A /* recipeBook */ = {
			isa = PBXGroup;
			children = (
				1D1F28B91E6CDC720086E72A /* AppDelegate.swift */,
				1D1F28BB1E6CDC720086E72A /* ViewController.swift */,
				1D1F28BD1E6CDC720086E72A /* Main.storyboard */,
				1D1F28C01E6CDC720086E72A /* Assets.xcassets */,
				1D1F28C21E6CDC720086E72A /* LaunchScreen.storyboard */,
				1D1F28C51E6CDC720086E72A /* Info.plist */,
			);
			path = recipeBook;
			sourceTree = "<group>";
		};
/* End PBXGroup section */

/* Begin PBXNativeTarget section */
		1D1F28B51E6CDC720086E72A /* recipeBook */ = {
			isa = PBXNativeTarget;
			buildConfigurationList = 1D1F28C81E6CDC720086E72A /* Build configuration list for PBXNativeTarget "recipeBook" */;
			buildPhases = (
				1D1F28B21E6CDC720086E72A /* Sources */,
				1D1F28B31E6CDC720086E72A /* Frameworks */,
				1D1F28B41E6CDC720086E72A /* Resources */,
			);
			buildRules = (
			);
			dependencies = (
			);
			name = recipeBook;
			productName = recipeBook;
			productReference = 1D1F28B61E6CDC720086E72A /* recipeBook.app */;
			productType = "com.apple.product-type.application";
		};
/* End PBXNativeTarget section */

/* Begin PBXProject section */
		1D1F28AE1E6CDC720086E72A /* Project object */ = {
			isa = PBXProject;
			attributes = {
				LastSwiftUpdateCheck = 0820;
				LastUpgradeCheck = 0820;
				ORGANIZATIONNAME = "Michael Jester";
				TargetAttributes = {
					1D1F28B51E6CDC720086E72A = {
						CreatedOnToolsVersion = 8.2.1;
						DevelopmentTeam = CABD2QRC7A;
						ProvisioningStyle = Automatic;
					};
				};
			};
			buildConfigurationList = 1D1F28B11E6CDC720086E72A /* Build configuration list for PBXProject "recipeBook" */;
			compatibilityVersion = "Xcode 3.2";
			developmentRegion = English;
			hasScannedForEncodings = 0;
			knownRegions = (
				en,
				Base,
			);
			mainGroup = 1D1F28AD1E6CDC720086E72A;
			productRefGroup = 1D1F28B71E6CDC720086E72A /* Products */;
			projectDirPath = "";
			projectRoot = "";
			targets = (
				1D1F28B51E6CDC720086E72A /* recipeBook */,
			);
		};
/* End PBXProject section */

/* Begin PBXResourcesBuildPhase section */
		1D1F28B41E6CDC720086E72A /* Resources */ = {
			isa = PBXResourcesBuildPhase;
			buildActionMask = 2147483647;
			files = (
				1D1F28C41E6CDC720086E72A /* LaunchScreen.storyboard in Resources */,
				1D1F28C11E6CDC720086E72A /* Assets.xcassets in Resources */,
				1D1F28BF1E6CDC720086E72A /* Main.storyboard in Resources */,
			);
			runOnlyForDeploymentPostprocessing = 0;
		};
/* End PBXResourcesBuildPhase section */

/* Begin PBXSourcesBuildPhase section */
		1D1F28B21E6CDC720086E72A /* Sources */ = {
			isa = PBXSourcesBuildPhase;
			buildActionMask = 2147483647;
			files = (
				1D1F28BC1E6CDC720086E72A /* ViewController.swift in Sources */,
				1D1F28BA1E6CDC720086E72A /* AppDelegate.swift in Sources */,
			);
			runOnlyForDeploymentPostprocessing = 0;
		};
/* End PBXSourcesBuildPhase section */

/* Begin PBXVariantGroup section */
		1D1F28BD1E6CDC720086E72A /* Main.storyboard */ = {
			isa = PBXVariantGroup;
			children = (
				1D1F28BE1E6CDC720086E72A /* Base */,
			);
			name = Main.storyboard;
			sourceTree = "<group>";
		};
		1D1F28C21E6CDC720086E72A /* LaunchScreen.storyboard */ = {
			isa = PBXVariantGroup;
			children = (
				1D1F28C31E6CDC720086E72A /* Base */,
			);
			name = LaunchScreen.storyboard;
			sourceTree = "<group>";
		};
/* End PBXVariantGroup section */

/* Begin XCBuildConfiguration section */
		1D1F28C61E6CDC720086E72A /* Debug */ = {
			isa = XCBuildConfiguration;
			buildSettings = {
				ALWAYS_SEARCH_USER_PATHS = NO;
				CLANG_ANALYZER_NONNULL = YES;
				CLANG_CXX_LANGUAGE_STANDARD = "gnu++0x";
				CLANG_CXX_LIBRARY = "libc++";
				CLANG_ENABLE_MODULES = YES;
				CLANG_ENABLE_OBJC_ARC = YES;
				CLANG_WARN_BOOL_CONVERSION = YES;
				CLANG_WARN_CONSTANT_CONVERSION = YES;
				CLANG_WARN_DIRECT_OBJC_ISA_USAGE = YES_ERROR;
				CLANG_WARN_DOCUMENTATION_COMMENTS = YES;
				CLANG_WARN_EMPTY_BODY = YES;
				CLANG_WARN_ENUM_CONVERSION = YES;
				CLANG_WARN_INFINITE_RECURSION = YES;
				CLANG_WARN_INT_CONVERSION = YES;
				CLANG_WARN_OBJC_ROOT_CLASS = YES_ERROR;
				CLANG_WARN_SUSPICIOUS_MOVE = YES;
				CLANG_WARN_UNREACHABLE_CODE = YES;
				CLANG_WARN__DUPLICATE_METHOD_MATCH = YES;
				"CODE_SIGN_IDENTITY[sdk=iphoneos*]" = "iPhone Developer";
				COPY_PHASE_STRIP = NO;
				DEBUG_INFORMATION_FORMAT = dwarf;
				ENABLE_STRICT_OBJC_MSGSEND = YES;
				ENABLE_TESTABILITY = YES;
				GCC_C_LANGUAGE_STANDARD = gnu99;
				GCC_DYNAMIC_NO_PIC = NO;
				GCC_NO_COMMON_BLOCKS = YES;
				GCC_OPTIMIZATION_LEVEL = 0;
				GCC_PREPROCESSOR_DEFINITIONS = (
					"DEBUG=1",
					"$(inherited)",
				);
				GCC_WARN_64_TO_32_BIT_CONVERSION = YES;
				GCC_WARN_ABOUT_RETURN_TYPE = YES_ERROR;
				GCC_WARN_UNDECLARED_SELECTOR = YES;
				GCC_WARN_UNINITIALIZED_AUTOS = YES_AGGRESSIVE;
				GCC_WARN_UNUSED_FUNCTION = YES;
				GCC_WARN_UNUSED_VARIABLE = YES;
				IPHONEOS_DEPLOYMENT_TARGET = 10.2;
				MTL_ENABLE_DEBUG_INFO = YES;
				ONLY_ACTIVE_ARCH = YES;
				SDKROOT = iphoneos;
				SWIFT_ACTIVE_COMPILATION_CONDITIONS = DEBUG;
				SWIFT_OPTIMIZATION_LEVEL = "-Onone";
			};
			name = Debug;
		};
		1D1F28C71E6CDC720086E72A /* Release */ = {
			isa = XCBuildConfiguration;
			buildSettings = {
				ALWAYS_SEARCH_USER_PATHS = NO;
				CLANG_ANALYZER_NONNULL = YES;
				CLANG_CXX_LANGUAGE_STANDARD = "gnu++0x";
				CLANG_CXX_LIBRARY = "libc++";
				CLANG_ENABLE_MODULES = YES;
				CLANG_ENABLE_OBJC_ARC = YES;
				CLANG_WARN_BOOL_CONVERSION = YES;
				CLANG_WARN_CONSTANT_CONVERSION = YES;
				CLANG_WARN_DIRECT_OBJC_ISA_USAGE = YES_ERROR;
				CLANG_WARN_DOCUMENTATION_COMMENTS = YES;
				CLANG_WARN_EMPTY_BODY = YES;
				CLANG_WARN_ENUM_CONVERSION = YES;
				CLANG_WARN_INFINITE_RECURSION = YES;
				CLANG_WARN_INT_CONVERSION = YES;
				CLANG_WARN_OBJC_ROOT_CLASS = YES_ERROR;
				CLANG_WARN_SUSPICIOUS_MOVE = YES;
				CLANG_WARN_UNREACHABLE_CODE = YES;
				CLANG_WARN__DUPLICATE_METHOD_MATCH = YES;
				"CODE_SIGN_IDENTITY[sdk=iphoneos*]" = "iPhone Developer";
				COPY_PHASE_STRIP = NO;
				DEBUG_INFORMATION_FORMAT = "dwarf-with-dsym";
				ENABLE_NS_ASSERTIONS = NO;
				ENABLE_STRICT_OBJC_MSGSEND = YES;
				GCC_C_LANGUAGE_STANDARD = gnu99;
				GCC_NO_COMMON_BLOCKS = YES;
				GCC_WARN_64_TO_32_BIT_CONVERSION = YES;
				GCC_WARN_ABOUT_RETURN_TYPE = YES_ERROR;
				GCC_WARN_UNDECLARED_SELECTOR = YES;
				GCC_WARN_UNINITIALIZED_AUTOS = YES_AGGRESSIVE;
				GCC_WARN_UNUSED_FUNCTION = YES;
				GCC_WARN_UNUSED_VARIABLE = YES;
				IPHONEOS_DEPLOYMENT_TARGET = 10.2;
				MTL_ENABLE_DEBUG_INFO = NO;
				SDKROOT = iphoneos;
				SWIFT_OPTIMIZATION_LEVEL = "-Owholemodule";
				VALIDATE_PRODUCT = YES;
			};
			name = Release;
		};
		1D1F28C91E6CDC720086E72A /* Debug */ = {
			isa = XCBuildConfiguration;
			buildSettings = {
				ASSETCATALOG_COMPILER_APPICON_NAME = AppIcon;
				DEVELOPMENT_TEAM = CABD2QRC7A;
				INFOPLIST_FILE = recipeBook/Info.plist;
				LD_RUNPATH_SEARCH_PATHS = "$(inherited) @executable_path/Frameworks";
				PRODUCT_BUNDLE_IDENTIFIER = com.michaelsmobileapps.recipeBook;
				PRODUCT_NAME = "$(TARGET_NAME)";
				SWIFT_VERSION = 3.0;
			};
			name = Debug;
		};
		1D1F28CA1E6CDC720086E72A /* Release */ = {
			isa = XCBuildConfiguration;
			buildSettings = {
				ASSETCATALOG_COMPILER_APPICON_NAME = AppIcon;
				DEVELOPMENT_TEAM = CABD2QRC7A;
				INFOPLIST_FILE = recipeBook/Info.plist;
				LD_RUNPATH_SEARCH_PATHS = "$(inherited) @executable_path/Frameworks";
				PRODUCT_BUNDLE_IDENTIFIER = com.michaelsmobileapps.recipeBook;
				PRODUCT_NAME = "$(TARGET_NAME)";
				SWIFT_VERSION = 3.0;
			};
			name = Release;
		};
/* End XCBuildConfiguration section */

/* Begin XCConfigurationList section */
		1D1F28B11E6CDC720086E72A /* Build configuration list for PBXProject "recipeBook" */ = {
			isa = XCConfigurationList;
			buildConfigurations = (
				1D1F28C61E6CDC720086E72A /* Debug */,
				1D1F28C71E6CDC720086E72A /* Release */,
			);
			defaultConfigurationIsVisible = 0;
			defaultConfigurationName = Release;
		};
		1D1F28C81E6CDC720086E72A /* Build configuration list for PBXNativeTarget "recipeBook" */ = {
			isa = XCConfigurationList;
			buildConfigurations = (
				1D1F28C91E6CDC720086E72A /* Debug */,
				1D1F28CA1E6CDC720086E72A /* Release */,
			);
			defaultConfigurationIsVisible = 0;
		};
/* End XCConfigurationList section */
	};
	rootObject = 1D1F28AE1E6CDC720086E72A /* Project object */;
}
